
Microsoft Visual Studio Solution File, Format Version 12.00
# Visual Studio 2015
Project("{FAE04EC0-301F-11D3-BF4B-00C04F79EFBC}") = "ProspectorSolitaire.CSharp", "ProspectorSolitaire.CSharp.csproj", "{962D26B3-B3D9-6E4B-7ED9-DD03C7136444}"
EndProject
Global
	GlobalSection(SolutionConfigurationPlatforms) = preSolution
		Debug|Any CPU = Debug|Any CPU
		Release|Any CPU = Release|Any CPU
	EndGlobalSection
	GlobalSection(ProjectConfigurationPlatforms) = postSolution
		{962D26B3-B3D9-6E4B-7ED9-DD03C7136444}.Debug|Any CPU.ActiveCfg = Debug|Any CPU
		{962D26B3-B3D9-6E4B-7ED9-DD03C7136444}.Debug|Any CPU.Build.0 = Debug|Any CPU
		{962D26B3-B3D9-6E4B-7ED9-DD03C7136444}.Release|Any CPU.ActiveCfg = Release|Any CPU
		{962D26B3-B3D9-6E4B-7ED9-DD03C7136444}.Release|Any CPU.Build.0 = Release|Any CPU
	EndGlobalSection
	GlobalSection(SolutionProperties) = preSolution
		HideSolutionNode = FALSE
	EndGlobalSection
EndGlobal
